// !$*UTF8*$!
{
	archiveVersion = 1;
	classes = {
	};
	objectVersion = 50;
	objects = {

/* Begin PBXBuildFile section */
		22F66377220CA6F900E2B343 /* AppDelegate.swift in Sources */ = {isa = PBXBuildFile; fileRef = 22F66376220CA6F900E2B343 /* AppDelegate.swift */; };
		22F66379220CA6F900E2B343 /* ViewController.swift in Sources */ = {isa = PBXBuildFile; fileRef = 22F66378220CA6F900E2B343 /* ViewController.swift */; };
		22F6637C220CA6F900E2B343 /* Main.storyboard in Resources */ = {isa = PBXBuildFile; fileRef = 22F6637A220CA6F900E2B343 /* Main.storyboard */; };
		22F6637E220CA6FA00E2B343 /* Assets.xcassets in Resources */ = {isa = PBXBuildFile; fileRef = 22F6637D220CA6FA00E2B343 /* Assets.xcassets */; };
		22F66381220CA6FA00E2B343 /* LaunchScreen.storyboard in Resources */ = {isa = PBXBuildFile; fileRef = 22F6637F220CA6FA00E2B343 /* LaunchScreen.storyboard */; };
		22F66398220CA8AC00E2B343 /* PeachAPISession.swift in Sources */ = {isa = PBXBuildFile; fileRef = 22F66396220CA8AC00E2B343 /* PeachAPISession.swift */; };
		22F66399220CA8AC00E2B343 /* API_Models.swift in Sources */ = {isa = PBXBuildFile; fileRef = 22F66397220CA8AC00E2B343 /* API_Models.swift */; };
/* End PBXBuildFile section */

/* Begin PBXFileReference section */
		22F66373220CA6F900E2B343 /* PeachyDemo.app */ = {isa = PBXFileReference; explicitFileType = wrapper.application; includeInIndex = 0; path = PeachyDemo.app; sourceTree = BUILT_PRODUCTS_DIR; };
		22F66376220CA6F900E2B343 /* AppDelegate.swift */ = {isa = PBXFileReference; lastKnownFileType = sourcecode.swift; path = AppDelegate.swift; sourceTree = "<group>"; };
		22F66378220CA6F900E2B343 /* ViewController.swift */ = {isa = PBXFileReference; lastKnownFileType = sourcecode.swift; path = ViewController.swift; sourceTree = "<group>"; };
		22F6637B220CA6F900E2B343 /* Base */ = {isa = PBXFileReference; lastKnownFileType = file.storyboard; name = Base; path = Base.lproj/Main.storyboard; sourceTree = "<group>"; };
		22F6637D220CA6FA00E2B343 /* Assets.xcassets */ = {isa = PBXFileReference; lastKnownFileType = folder.assetcatalog; path = Assets.xcassets; sourceTree = "<group>"; };
		22F66380220CA6FA00E2B343 /* Base */ = {isa = PBXFileReference; lastKnownFileType = file.storyboard; name = Base; path = Base.lproj/LaunchScreen.storyboard; sourceTree = "<group>"; };
		22F66382220CA6FA00E2B343 /* Info.plist */ = {isa = PBXFileReference; lastKnownFileType = text.plist.xml; path = Info.plist; sourceTree = "<group>"; };
		22F66396220CA8AC00E2B343 /* PeachAPISession.swift */ = {isa = PBXFileReference; fileEncoding = 4; lastKnownFileType = sourcecode.swift; name = PeachAPISession.swift; path = Peachy_API_Client/PeachAPISession.swift; sourceTree = SOURCE_ROOT; };
		22F66397220CA8AC00E2B343 /* API_Models.swift */ = {isa = PBXFileReference; fileEncoding = 4; lastKnownFileType = sourcecode.swift; name = API_Models.swift; path = Peachy_API_Client/API_Models.swift; sourceTree = SOURCE_ROOT; };
/* End PBXFileReference section */

/* Begin PBXFrameworksBuildPhase section */
		22F66370220CA6F900E2B343 /* Frameworks */ = {
			isa = PBXFrameworksBuildPhase;
			buildActionMask = 2147483647;
			files = (
			);
			runOnlyForDeploymentPostprocessing = 0;
		};
/* End PBXFrameworksBuildPhase section */

/* Begin PBXGroup section */
		22F6636A220CA6F900E2B343 = {
			isa = PBXGroup;
			children = (
				22F66375220CA6F900E2B343 /* PeachyDemo */,
				22F66374220CA6F900E2B343 /* Products */,
			);
			sourceTree = "<group>";
		};
		22F66374220CA6F900E2B343 /* Products */ = {
			isa = PBXGroup;
			children = (
				22F66373220CA6F900E2B343 /* PeachyDemo.app */,
			);
			name = Products;
			sourceTree = "<group>";
		};
		22F66375220CA6F900E2B343 /* PeachyDemo */ = {
			isa = PBXGroup;
			children = (
				22F66395220CA89800E2B343 /* Peach_API_Client */,
				22F66376220CA6F900E2B343 /* AppDelegate.swift */,
				22F66378220CA6F900E2B343 /* ViewController.swift */,
				22F6637A220CA6F900E2B343 /* Main.storyboard */,
				22F6637D220CA6FA00E2B343 /* Assets.xcassets */,
				22F6637F220CA6FA00E2B343 /* LaunchScreen.storyboard */,
				22F66382220CA6FA00E2B343 /* Info.plist */,
			);
			path = PeachyDemo;
			sourceTree = "<group>";
		};
		22F66395220CA89800E2B343 /* Peach_API_Client */ = {
			isa = PBXGroup;
			children = (
				22F66397220CA8AC00E2B343 /* API_Models.swift */,
				22F66396220CA8AC00E2B343 /* PeachAPISession.swift */,
			);
			name = Peach_API_Client;
			sourceTree = "<group>";
		};
/* End PBXGroup section */

/* Begin PBXNativeTarget section */
		22F66372220CA6F900E2B343 /* PeachyDemo */ = {
			isa = PBXNativeTarget;
			buildConfigurationList = 22F66385220CA6FA00E2B343 /* Build configuration list for PBXNativeTarget "PeachyDemo" */;
			buildPhases = (
				22F6636F220CA6F900E2B343 /* Sources */,
				22F66370220CA6F900E2B343 /* Frameworks */,
				22F66371220CA6F900E2B343 /* Resources */,
			);
			buildRules = (
			);
			dependencies = (
			);
			name = PeachyDemo;
			productName = Peachy;
			productReference = 22F66373220CA6F900E2B343 /* PeachyDemo.app */;
			productType = "com.apple.product-type.application";
		};
/* End PBXNativeTarget section */

/* Begin PBXProject section */
		22F6636B220CA6F900E2B343 /* Project object */ = {
			isa = PBXProject;
			attributes = {
				LastSwiftUpdateCheck = 1010;
				LastUpgradeCheck = 1010;
				ORGANIZATIONNAME = "Salman Husain";
				TargetAttributes = {
					22F66372220CA6F900E2B343 = {
						CreatedOnToolsVersion = 10.1;
					};
				};
			};
			buildConfigurationList = 22F6636E220CA6F900E2B343 /* Build configuration list for PBXProject "PeachyDemo" */;
			compatibilityVersion = "Xcode 9.3";
			developmentRegion = en;
			hasScannedForEncodings = 0;
			knownRegions = (
				en,
				Base,
			);
			mainGroup = 22F6636A220CA6F900E2B343;
			productRefGroup = 22F66374220CA6F900E2B343 /* Products */;
			projectDirPath = "";
			projectRoot = "";
			targets = (
				22F66372220CA6F900E2B343 /* PeachyDemo */,
			);
		};
/* End PBXProject section */

/* Begin PBXResourcesBuildPhase section */
		22F66371220CA6F900E2B343 /* Resources */ = {
			isa = PBXResourcesBuildPhase;
			buildActionMask = 2147483647;
			files = (
				22F66381220CA6FA00E2B343 /* LaunchScreen.storyboard in Resources */,
				22F6637E220CA6FA00E2B343 /* Assets.xcassets in Resources */,
				22F6637C220CA6F900E2B343 /* Main.storyboard in Resources */,
			);
			runOnlyForDeploymentPostprocessing = 0;
		};
/* End PBXResourcesBuildPhase section */

/* Begin PBXSourcesBuildPhase section */
		22F6636F220CA6F900E2B343 /* Sources */ = {
			isa = PBXSourcesBuildPhase;
			buildActionMask = 2147483647;
			files = (
				22F66399220CA8AC00E2B343 /* API_Models.swift in Sources */,
				22F66379220CA6F900E2B343 /* ViewController.swift in Sources */,
				22F66377220CA6F900E2B343 /* AppDelegate.swift in Sources */,
				22F66398220CA8AC00E2B343 /* PeachAPISession.swift in Sources */,
			);
			runOnlyForDeploymentPostprocessing = 0;
		};
/* End PBXSourcesBuildPhase section */

/* Begin PBXVariantGroup section */
		22F6637A220CA6F900E2B343 /* Main.storyboard */ = {
			isa = PBXVariantGroup;
			children = (
				22F6637B220CA6F900E2B343 /* Base */,
			);
			name = Main.storyboard;
			sourceTree = "<group>";
		};
		22F6637F220CA6FA00E2B343 /* LaunchScreen.storyboard */ = {
			isa = PBXVariantGroup;
			children = (
				22F66380220CA6FA00E2B343 /* Base */,
			);
			name = LaunchScreen.storyboard;
			sourceTree = "<group>";
		};
/* End PBXVariantGroup section */

/* Begin XCBuildConfiguration section */
		22F66383220CA6FA00E2B343 /* Debug */ = {
			isa = XCBuildConfiguration;
			buildSettings = {
				ALWAYS_SEARCH_USER_PATHS = NO;
				CLANG_ANALYZER_NONNULL = YES;
				CLANG_ANALYZER_NUMBER_OBJECT_CONVERSION = YES_AGGRESSIVE;
				CLANG_CXX_LANGUAGE_STANDARD = "gnu++14";
				CLANG_CXX_LIBRARY = "libc++";
				CLANG_ENABLE_MODULES = YES;
				CLANG_ENABLE_OBJC_ARC = YES;
				CLANG_ENABLE_OBJC_WEAK = YES;
				CLANG_WARN_BLOCK_CAPTURE_AUTORELEASING = YES;
				CLANG_WARN_BOOL_CONVERSION = YES;
				CLANG_WARN_COMMA = YES;
				CLANG_WARN_CONSTANT_CONVERSION = YES;
				CLANG_WARN_DEPRECATED_OBJC_IMPLEMENTATIONS = YES;
				CLANG_WARN_DIRECT_OBJC_ISA_USAGE = YES_ERROR;
				CLANG_WARN_DOCUMENTATION_COMMENTS = YES;
				CLANG_WARN_EMPTY_BODY = YES;
				CLANG_WARN_ENUM_CONVERSION = YES;
				CLANG_WARN_INFINITE_RECURSION = YES;
				CLANG_WARN_INT_CONVERSION = YES;
				CLANG_WARN_NON_LITERAL_NULL_CONVERSION = YES;
				CLANG_WARN_OBJC_IMPLICIT_RETAIN_SELF = YES;
				CLANG_WARN_OBJC_LITERAL_CONVERSION = YES;
				CLANG_WARN_OBJC_ROOT_CLASS = YES_ERROR;
				CLANG_WARN_RANGE_LOOP_ANALYSIS = YES;
				CLANG_WARN_STRICT_PROTOTYPES = YES;
				CLANG_WARN_SUSPICIOUS_MOVE = YES;
				CLANG_WARN_UNGUARDED_AVAILABILITY = YES_AGGRESSIVE;
				CLANG_WARN_UNREACHABLE_CODE = YES;
				CLANG_WARN__DUPLICATE_METHOD_MATCH = YES;
				CODE_SIGN_IDENTITY = "iPhone Developer";
				COPY_PHASE_STRIP = NO;
				DEBUG_INFORMATION_FORMAT = dwarf;
				ENABLE_STRICT_OBJC_MSGSEND = YES;
				ENABLE_TESTABILITY = YES;
				GCC_C_LANGUAGE_STANDARD = gnu11;
				GCC_DYNAMIC_NO_PIC = NO;
				GCC_NO_COMMON_BLOCKS = YES;
				GCC_OPTIMIZATION_LEVEL = 0;
				GCC_PREPROCESSOR_DEFINITIONS = (
					"DEBUG=1",
					"$(inherited)",
				);
				GCC_WARN_64_TO_32_BIT_CONVERSION = YES;
				GCC_WARN_ABOUT_RETURN_TYPE = YES_ERROR;
				GCC_WARN_UNDECLARED_SELECTOR = YES;
				GCC_WARN_UNINITIALIZED_AUTOS = YES_AGGRESSIVE;
				GCC_WARN_UNUSED_FUNCTION = YES;
				GCC_WARN_UNUSED_VARIABLE = YES;
				IPHONEOS_DEPLOYMENT_TARGET = 12.1;
				MTL_ENABLE_DEBUG_INFO = INCLUDE_SOURCE;
				MTL_FAST_MATH = YES;
				ONLY_ACTIVE_ARCH = YES;
				SDKROOT = iphoneos;
				SWIFT_ACTIVE_COMPILATION_CONDITIONS = DEBUG;
				SWIFT_OPTIMIZATION_LEVEL = "-Onone";
			};
			name = Debug;
		};
		22F66384220CA6FA00E2B343 /* Release */ = {
			isa = XCBuildConfiguration;
			buildSettings = {
				ALWAYS_SEARCH_USER_PATHS = NO;
				CLANG_ANALYZER_NONNULL = YES;
				CLANG_ANALYZER_NUMBER_OBJECT_CONVERSION = YES_AGGRESSIVE;
				CLANG_CXX_LANGUAGE_STANDARD = "gnu++14";
				CLANG_CXX_LIBRARY = "libc++";
				CLANG_ENABLE_MODULES = YES;
				CLANG_ENABLE_OBJC_ARC = YES;
				CLANG_ENABLE_OBJC_WEAK = YES;
				CLANG_WARN_BLOCK_CAPTURE_AUTORELEASING = YES;
				CLANG_WARN_BOOL_CONVERSION = YES;
				CLANG_WARN_COMMA = YES;
				CLANG_WARN_CONSTANT_CONVERSION = YES;
				CLANG_WARN_DEPRECATED_OBJC_IMPLEMENTATIONS = YES;
				CLANG_WARN_DIRECT_OBJC_ISA_USAGE = YES_ERROR;
				CLANG_WARN_DOCUMENTATION_COMMENTS = YES;
				CLANG_WARN_EMPTY_BODY = YES;
				CLANG_WARN_ENUM_CONVERSION = YES;
				CLANG_WARN_INFINITE_RECURSION = YES;
				CLANG_WARN_INT_CONVERSION = YES;
				CLANG_WARN_NON_LITERAL_NULL_CONVERSION = YES;
				CLANG_WARN_OBJC_IMPLICIT_RETAIN_SELF = YES;
				CLANG_WARN_OBJC_LITERAL_CONVERSION = YES;
				CLANG_WARN_OBJC_ROOT_CLASS = YES_ERROR;
				CLANG_WARN_RANGE_LOOP_ANALYSIS = YES;
				CLANG_WARN_STRICT_PROTOTYPES = YES;
				CLANG_WARN_SUSPICIOUS_MOVE = YES;
				CLANG_WARN_UNGUARDED_AVAILABILITY = YES_AGGRESSIVE;
				CLANG_WARN_UNREACHABLE_CODE = YES;
				CLANG_WARN__DUPLICATE_METHOD_MATCH = YES;
				CODE_SIGN_IDENTITY = "iPhone Developer";
				COPY_PHASE_STRIP = NO;
				DEBUG_INFORMATION_FORMAT = "dwarf-with-dsym";
				ENABLE_NS_ASSERTIONS = NO;
				ENABLE_STRICT_OBJC_MSGSEND = YES;
				GCC_C_LANGUAGE_STANDARD = gnu11;
				GCC_NO_COMMON_BLOCKS = YES;
				GCC_WARN_64_TO_32_BIT_CONVERSION = YES;
				GCC_WARN_ABOUT_RETURN_TYPE = YES_ERROR;
				GCC_WARN_UNDECLARED_SELECTOR = YES;
				GCC_WARN_UNINITIALIZED_AUTOS = YES_AGGRESSIVE;
				GCC_WARN_UNUSED_FUNCTION = YES;
				GCC_WARN_UNUSED_VARIABLE = YES;
				IPHONEOS_DEPLOYMENT_TARGET = 12.1;
				MTL_ENABLE_DEBUG_INFO = NO;
				MTL_FAST_MATH = YES;
				SDKROOT = iphoneos;
				SWIFT_COMPILATION_MODE = wholemodule;
				SWIFT_OPTIMIZATION_LEVEL = "-O";
				VALIDATE_PRODUCT = YES;
			};
			name = Release;
		};
		22F66386220CA6FA00E2B343 /* Debug */ = {
			isa = XCBuildConfiguration;
			buildSettings = {
				ASSETCATALOG_COMPILER_APPICON_NAME = AppIcon;
				CODE_SIGN_STYLE = Automatic;
				DEVELOPMENT_TEAM = XBKLZPN8YT;
				INFOPLIST_FILE = Peachy/Info.plist;
				LD_RUNPATH_SEARCH_PATHS = (
					"$(inherited)",
					"@executable_path/Frameworks",
				);
				PRODUCT_BUNDLE_IDENTIFIER = com.CarbonDev.Peachy;
				PRODUCT_NAME = "$(TARGET_NAME)";
				SWIFT_VERSION = 4.2;
				TARGETED_DEVICE_FAMILY = "1,2";
			};
			name = Debug;
		};
		22F66387220CA6FA00E2B343 /* Release */ = {
			isa = XCBuildConfiguration;
			buildSettings = {
				ASSETCATALOG_COMPILER_APPICON_NAME = AppIcon;
				CODE_SIGN_STYLE = Automatic;
				DEVELOPMENT_TEAM = XBKLZPN8YT;
				INFOPLIST_FILE = Peachy/Info.plist;
				LD_RUNPATH_SEARCH_PATHS = (
					"$(inherited)",
					"@executable_path/Frameworks",
				);
				PRODUCT_BUNDLE_IDENTIFIER = com.CarbonDev.Peachy;
				PRODUCT_NAME = "$(TARGET_NAME)";
				SWIFT_VERSION = 4.2;
				TARGETED_DEVICE_FAMILY = "1,2";
			};
			name = Release;
		};
/* End XCBuildConfiguration section */

/* Begin XCConfigurationList section */
		22F6636E220CA6F900E2B343 /* Build configuration list for PBXProject "PeachyDemo" */ = {
			isa = XCConfigurationList;
			buildConfigurations = (
				22F66383220CA6FA00E2B343 /* Debug */,
				22F66384220CA6FA00E2B343 /* Release */,
			);
			defaultConfigurationIsVisible = 0;
			defaultConfigurationName = Release;
		};
		22F66385220CA6FA00E2B343 /* Build configuration list for PBXNativeTarget "PeachyDemo" */ = {
			isa = XCConfigurationList;
			buildConfigurations = (
				22F66386220CA6FA00E2B343 /* Debug */,
				22F66387220CA6FA00E2B343 /* Release */,
			);
			defaultConfigurationIsVisible = 0;
			defaultConfigurationName = Release;
		};
/* End XCConfigurationList section */
	};
	rootObject = 22F6636B220CA6F900E2B343 /* Project object */;
}
